Microsoft Visual Studio Solution File, Format Version 12.00
# Visual Studio Version 17
VisualStudioVersion = 17.0.31903.59
MinimumVisualStudioVersion = 10.0.40219.1
Project("{FAE04EC0-301F-11D3-BF4B-00C04F79EFBC}") = "TimeWallpaper.Core", "src\TimeWallpaper.Core\TimeWallpaper.Core.csproj", "{90B71486-5C82-443C-9741-FBFB9AB8B5F1}"
EndProject
Project("{FAE04EC0-301F-11D3-BF4B-00C04F79EFBC}") = "TimeWallpaper.Themes", "src\TimeWallpaper.Themes\TimeWallpaper.Themes.csproj", "{4411FE74-962F-4BE2-AC1C-ACC9BEED1BFD}"
EndProject
Project("{FAE04EC0-301F-11D3-BF4B-00C04F79EFBC}") = "TimeWallpaper.Rendering", "src\TimeWallpaper.Rendering\TimeWallpaper.Rendering.csproj", "{E6F17C8D-49DE-4FFB-ABBC-56256D11468A}"
EndProject
Project("{FAE04EC0-301F-11D3-BF4B-00C04F79EFBC}") = "TimeWallpaper.Content", "src\TimeWallpaper.Content\TimeWallpaper.Content.csproj", "{2B54EC3D-943D-4E8A-9565-F5F597D742B9}"
EndProject
Project("{FAE04EC0-301F-11D3-BF4B-00C04F79EFBC}") = "TimeWallpaper.Platform.Windows", "src\TimeWallpaper.Platform.Windows\TimeWallpaper.Platform.Windows.csproj", "{ED124906-48F8-418C-949A-ADAC28ED4661}"
EndProject
Project("{FAE04EC0-301F-11D3-BF4B-00C04F79EFBC}") = "TimeWallpaper.AI", "src\TimeWallpaper.AI\TimeWallpaper.AI.csproj", "{32FBB450-B1F1-45C8-906D-EE74978993B9}"
EndProject
Project("{FAE04EC0-301F-11D3-BF4B-00C04F79EFBC}") = "TimeWallpaper.Agent", "src\TimeWallpaper.Agent\TimeWallpaper.Agent.csproj", "{93419C41-A7C6-42B0-BABD-CB6BAF8B184A}"
EndProject
Project("{FAE04EC0-301F-11D3-BF4B-00C04F79EFBC}") = "TimeWallpaper.App", "src\TimeWallpaper.App\TimeWallpaper.App.csproj", "{9A862416-2725-4559-AA85-534AA0D6EBFA}"
EndProject
Project("{FAE04EC0-301F-11D3-BF4B-00C04F79EFBC}") = "TimeWallpaper.Core.Tests", "tests\TimeWallpaper.Core.Tests\TimeWallpaper.Core.Tests.csproj", "{1ABF31B9-186D-43BB-86FC-221ECBE63821}"
EndProject
Project("{FAE04EC0-301F-11D3-BF4B-00C04F79EFBC}") = "TimeWallpaper.Themes.Tests", "tests\TimeWallpaper.Themes.Tests\TimeWallpaper.Themes.Tests.csproj", "{3FD81C29-00A9-44F0-81BE-84A1E29A9B67}"
EndProject
Project("{FAE04EC0-301F-11D3-BF4B-00C04F79EFBC}") = "TimeWallpaper.Rendering.Tests", "tests\TimeWallpaper.Rendering.Tests\TimeWallpaper.Rendering.Tests.csproj", "{1ADEBEB6-6FD2-422F-838B-7CCCF2AA7ED2}"
EndProject
Project("{FAE04EC0-301F-11D3-BF4B-00C04F79EFBC}") = "TimeWallpaper.Platform.Tests", "tests\TimeWallpaper.Platform.Tests\TimeWallpaper.Platform.Tests.csproj", "{5B3B13F8-15F6-465E-B5D9-B0E45F0D15A2}"
EndProject
Global
	GlobalSection(SolutionConfigurationPlatforms) = preSolution
		Debug|x64 = Debug|x64
		Debug|ARM64 = Debug|ARM64
		Release|x64 = Release|x64
		Release|ARM64 = Release|ARM64
	EndGlobalSection
	GlobalSection(ProjectConfigurationPlatforms) = postSolution
		{90B71486-5C82-443C-9741-FBFB9AB8B5F1}.Debug|x64.ActiveCfg = Debug|x64
		{90B71486-5C82-443C-9741-FBFB9AB8B5F1}.Debug|x64.Build.0 = Debug|x64
		{90B71486-5C82-443C-9741-FBFB9AB8B5F1}.Debug|ARM64.ActiveCfg = Debug|ARM64
		{90B71486-5C82-443C-9741-FBFB9AB8B5F1}.Debug|ARM64.Build.0 = Debug|ARM64
		{90B71486-5C82-443C-9741-FBFB9AB8B5F1}.Release|x64.ActiveCfg = Release|x64
		{90B71486-5C82-443C-9741-FBFB9AB8B5F1}.Release|x64.Build.0 = Release|x64
		{90B71486-5C82-443C-9741-FBFB9AB8B5F1}.Release|ARM64.ActiveCfg = Release|ARM64
		{90B71486-5C82-443C-9741-FBFB9AB8B5F1}.Release|ARM64.Build.0 = Release|ARM64
		{4411FE74-962F-4BE2-AC1C-ACC9BEED1BFD}.Debug|x64.ActiveCfg = Debug|x64
		{4411FE74-962F-4BE2-AC1C-ACC9BEED1BFD}.Debug|x64.Build.0 = Debug|x64
		{4411FE74-962F-4BE2-AC1C-ACC9BEED1BFD}.Debug|ARM64.ActiveCfg = Debug|ARM64
		{4411FE74-962F-4BE2-AC1C-ACC9BEED1BFD}.Debug|ARM64.Build.0 = Debug|ARM64
		{4411FE74-962F-4BE2-AC1C-ACC9BEED1BFD}.Release|x64.ActiveCfg = Release|x64
		{4411FE74-962F-4BE2-AC1C-ACC9BEED1BFD}.Release|x64.Build.0 = Release|x64
		{4411FE74-962F-4BE2-AC1C-ACC9BEED1BFD}.Release|ARM64.ActiveCfg = Release|ARM64
		{4411FE74-962F-4BE2-AC1C-ACC9BEED1BFD}.Release|ARM64.Build.0 = Release|ARM64
		{E6F17C8D-49DE-4FFB-ABBC-56256D11468A}.Debug|x64.ActiveCfg = Debug|x64
		{E6F17C8D-49DE-4FFB-ABBC-56256D11468A}.Debug|x64.Build.0 = Debug|x64
		{E6F17C8D-49DE-4FFB-ABBC-56256D11468A}.Debug|ARM64.ActiveCfg = Debug|ARM64
		{E6F17C8D-49DE-4FFB-ABBC-56256D11468A}.Debug|ARM64.Build.0 = Debug|ARM64
		{E6F17C8D-49DE-4FFB-ABBC-56256D11468A}.Release|x64.ActiveCfg = Release|x64
		{E6F17C8D-49DE-4FFB-ABBC-56256D11468A}.Release|x64.Build.0 = Release|x64
		{E6F17C8D-49DE-4FFB-ABBC-56256D11468A}.Release|ARM64.ActiveCfg = Release|ARM64
		{E6F17C8D-49DE-4FFB-ABBC-56256D11468A}.Release|ARM64.Build.0 = Release|ARM64
		{2B54EC3D-943D-4E8A-9565-F5F597D742B9}.Debug|x64.ActiveCfg = Debug|x64
		{2B54EC3D-943D-4E8A-9565-F5F597D742B9}.Debug|x64.Build.0 = Debug|x64
		{2B54EC3D-943D-4E8A-9565-F5F597D742B9}.Debug|ARM64.ActiveCfg = Debug|ARM64
		{2B54EC3D-943D-4E8A-9565-F5F597D742B9}.Debug|ARM64.Build.0 = Debug|ARM64
		{2B54EC3D-943D-4E8A-9565-F5F597D742B9}.Release|x64.ActiveCfg = Release|x64
		{2B54EC3D-943D-4E8A-9565-F5F597D742B9}.Release|x64.Build.0 = Release|x64
		{2B54EC3D-943D-4E8A-9565-F5F597D742B9}.Release|ARM64.ActiveCfg = Release|ARM64
		{2B54EC3D-943D-4E8A-9565-F5F597D742B9}.Release|ARM64.Build.0 = Release|ARM64
		{ED124906-48F8-418C-949A-ADAC28ED4661}.Debug|x64.ActiveCfg = Debug|x64
		{ED124906-48F8-418C-949A-ADAC28ED4661}.Debug|x64.Build.0 = Debug|x64
		{ED124906-48F8-418C-949A-ADAC28ED4661}.Debug|ARM64.ActiveCfg = Debug|ARM64
		{ED124906-48F8-418C-949A-ADAC28ED4661}.Debug|ARM64.Build.0 = Debug|ARM64
		{ED124906-48F8-418C-949A-ADAC28ED4661}.Release|x64.ActiveCfg = Release|x64
		{ED124906-48F8-418C-949A-ADAC28ED4661}.Release|x64.Build.0 = Release|x64
		{ED124906-48F8-418C-949A-ADAC28ED4661}.Release|ARM64.ActiveCfg = Release|ARM64
		{ED124906-48F8-418C-949A-ADAC28ED4661}.Release|ARM64.Build.0 = Release|ARM64
		{32FBB450-B1F1-45C8-906D-EE74978993B9}.Debug|x64.ActiveCfg = Debug|x64
		{32FBB450-B1F1-45C8-906D-EE74978993B9}.Debug|x64.Build.0 = Debug|x64
		{32FBB450-B1F1-45C8-906D-EE74978993B9}.Debug|ARM64.ActiveCfg = Debug|ARM64
		{32FBB450-B1F1-45C8-906D-EE74978993B9}.Debug|ARM64.Build.0 = Debug|ARM64
		{32FBB450-B1F1-45C8-906D-EE74978993B9}.Release|x64.ActiveCfg = Release|x64
		{32FBB450-B1F1-45C8-906D-EE74978993B9}.Release|x64.Build.0 = Release|x64
		{32FBB450-B1F1-45C8-906D-EE74978993B9}.Release|ARM64.ActiveCfg = Release|ARM64
		{32FBB450-B1F1-45C8-906D-EE74978993B9}.Release|ARM64.Build.0 = Release|ARM64
		{93419C41-A7C6-42B0-BABD-CB6BAF8B184A}.Debug|x64.ActiveCfg = Debug|x64
		{93419C41-A7C6-42B0-BABD-CB6BAF8B184A}.Debug|x64.Build.0 = Debug|x64
		{93419C41-A7C6-42B0-BABD-CB6BAF8B184A}.Debug|ARM64.ActiveCfg = Debug|ARM64
		{93419C41-A7C6-42B0-BABD-CB6BAF8B184A}.Debug|ARM64.Build.0 = Debug|ARM64
		{93419C41-A7C6-42B0-BABD-CB6BAF8B184A}.Release|x64.ActiveCfg = Release|x64
		{93419C41-A7C6-42B0-BABD-CB6BAF8B184A}.Release|x64.Build.0 = Release|x64
		{93419C41-A7C6-42B0-BABD-CB6BAF8B184A}.Release|ARM64.ActiveCfg = Release|ARM64
		{93419C41-A7C6-42B0-BABD-CB6BAF8B184A}.Release|ARM64.Build.0 = Release|ARM64
		{9A862416-2725-4559-AA85-534AA0D6EBFA}.Debug|x64.ActiveCfg = Debug|x64
		{9A862416-2725-4559-AA85-534AA0D6EBFA}.Debug|x64.Build.0 = Debug|x64
		{9A862416-2725-4559-AA85-534AA0D6EBFA}.Debug|ARM64.ActiveCfg = Debug|ARM64
		{9A862416-2725-4559-AA85-534AA0D6EBFA}.Debug|ARM64.Build.0 = Debug|ARM64
		{9A862416-2725-4559-AA85-534AA0D6EBFA}.Release|x64.ActiveCfg = Release|x64
		{9A862416-2725-4559-AA85-534AA0D6EBFA}.Release|x64.Build.0 = Release|x64
		{9A862416-2725-4559-AA85-534AA0D6EBFA}.Release|ARM64.ActiveCfg = Release|ARM64
		{9A862416-2725-4559-AA85-534AA0D6EBFA}.Release|ARM64.Build.0 = Release|ARM64
		{1ABF31B9-186D-43BB-86FC-221ECBE63821}.Debug|x64.ActiveCfg = Debug|x64
		{1ABF31B9-186D-43BB-86FC-221ECBE63821}.Debug|x64.Build.0 = Debug|x64
		{1ABF31B9-186D-43BB-86FC-221ECBE63821}.Debug|ARM64.ActiveCfg = Debug|ARM64
		{1ABF31B9-186D-43BB-86FC-221ECBE63821}.Debug|ARM64.Build.0 = Debug|ARM64
		{1ABF31B9-186D-43BB-86FC-221ECBE63821}.Release|x64.ActiveCfg = Release|x64
		{1ABF31B9-186D-43BB-86FC-221ECBE63821}.Release|x64.Build.0 = Release|x64
		{1ABF31B9-186D-43BB-86FC-221ECBE63821}.Release|ARM64.ActiveCfg = Release|ARM64
		{1ABF31B9-186D-43BB-86FC-221ECBE63821}.Release|ARM64.Build.0 = Release|ARM64
		{3FD81C29-00A9-44F0-81BE-84A1E29A9B67}.Debug|x64.ActiveCfg = Debug|x64
		{3FD81C29-00A9-44F0-81BE-84A1E29A9B67}.Debug|x64.Build.0 = Debug|x64
		{3FD81C29-00A9-44F0-81BE-84A1E29A9B67}.Debug|ARM64.ActiveCfg = Debug|ARM64
		{3FD81C29-00A9-44F0-81BE-84A1E29A9B67}.Debug|ARM64.Build.0 = Debug|ARM64
		{3FD81C29-00A9-44F0-81BE-84A1E29A9B67}.Release|x64.ActiveCfg = Release|x64
		{3FD81C29-00A9-44F0-81BE-84A1E29A9B67}.Release|x64.Build.0 = Release|x64
		{3FD81C29-00A9-44F0-81BE-84A1E29A9B67}.Release|ARM64.ActiveCfg = Release|ARM64
		{3FD81C29-00A9-44F0-81BE-84A1E29A9B67}.Release|ARM64.Build.0 = Release|ARM64
		{1ADEBEB6-6FD2-422F-838B-7CCCF2AA7ED2}.Debug|x64.ActiveCfg = Debug|x64
		{1ADEBEB6-6FD2-422F-838B-7CCCF2AA7ED2}.Debug|x64.Build.0 = Debug|x64
		{1ADEBEB6-6FD2-422F-838B-7CCCF2AA7ED2}.Debug|ARM64.ActiveCfg = Debug|ARM64
		{1ADEBEB6-6FD2-422F-838B-7CCCF2AA7ED2}.Debug|ARM64.Build.0 = Debug|ARM64
		{1ADEBEB6-6FD2-422F-838B-7CCCF2AA7ED2}.Release|x64.ActiveCfg = Release|x64
		{1ADEBEB6-6FD2-422F-838B-7CCCF2AA7ED2}.Release|x64.Build.0 = Release|x64
		{1ADEBEB6-6FD2-422F-838B-7CCCF2AA7ED2}.Release|ARM64.ActiveCfg = Release|ARM64
		{1ADEBEB6-6FD2-422F-838B-7CCCF2AA7ED2}.Release|ARM64.Build.0 = Release|ARM64
		{5B3B13F8-15F6-465E-B5D9-B0E45F0D15A2}.Debug|x64.ActiveCfg = Debug|x64
		{5B3B13F8-15F6-465E-B5D9-B0E45F0D15A2}.Debug|x64.Build.0 = Debug|x64
		{5B3B13F8-15F6-465E-B5D9-B0E45F0D15A2}.Debug|ARM64.ActiveCfg = Debug|ARM64
		{5B3B13F8-15F6-465E-B5D9-B0E45F0D15A2}.Debug|ARM64.Build.0 = Debug|ARM64
		{5B3B13F8-15F6-465E-B5D9-B0E45F0D15A2}.Release|x64.ActiveCfg = Release|x64
		{5B3B13F8-15F6-465E-B5D9-B0E45F0D15A2}.Release|x64.Build.0 = Release|x64
		{5B3B13F8-15F6-465E-B5D9-B0E45F0D15A2}.Release|ARM64.ActiveCfg = Release|ARM64
		{5B3B13F8-15F6-465E-B5D9-B0E45F0D15A2}.Release|ARM64.Build.0 = Release|ARM64
	EndGlobalSection
	GlobalSection(SolutionProperties) = preSolution
		HideSolutionNode = FALSE
	EndGlobalSection
	GlobalSection(NestedProjects) = preSolution
	EndGlobalSection
EndGlobal
